
Microsoft Visual Studio Solution File, Format Version 12.00
# Visual Studio 2012
Project("{FAE04EC0-301F-11D3-BF4B-00C04F79EFBC}") = "Eastern Uni", "Eastern Uni\Eastern Uni.csproj", "{A2C52983-73A9-4196-8DA5-BE4B27A22312}"
EndProject
Project("{FAE04EC0-301F-11D3-BF4B-00C04F79EFBC}") = "EasternUni.BO", "EasternUni.BO\EasternUni.BO.csproj", "{96489E8E-5BEF-4043-AFBD-F2983D1424AA}"
EndProject
Project("{FAE04EC0-301F-11D3-BF4B-00C04F79EFBC}") = "Eastern_Uni.DAL", "Eastern_Uni.DAL\Eastern_Uni.DAL.csproj", "{D2B52315-E723-4C15-B9D5-5F2CD880297E}"
EndProject
Global
	GlobalSection(SolutionConfigurationPlatforms) = preSolution
		Debug|Any CPU = Debug|Any CPU
		Release|Any CPU = Release|Any CPU
	EndGlobalSection
	GlobalSection(ProjectConfigurationPlatforms) = postSolution
		{A2C52983-73A9-4196-8DA5-BE4B27A22312}.Debug|Any CPU.ActiveCfg = Debug|Any CPU
		{A2C52983-73A9-4196-8DA5-BE4B27A22312}.Debug|Any CPU.Build.0 = Debug|Any CPU
		{A2C52983-73A9-4196-8DA5-BE4B27A22312}.Release|Any CPU.ActiveCfg = Release|Any CPU
		{A2C52983-73A9-4196-8DA5-BE4B27A22312}.Release|Any CPU.Build.0 = Release|Any CPU
		{96489E8E-5BEF-4043-AFBD-F2983D1424AA}.Debug|Any CPU.ActiveCfg = Debug|Any CPU
		{96489E8E-5BEF-4043-AFBD-F2983D1424AA}.Debug|Any CPU.Build.0 = Debug|Any CPU
		{96489E8E-5BEF-4043-AFBD-F2983D1424AA}.Release|Any CPU.ActiveCfg = Release|Any CPU
		{96489E8E-5BEF-4043-AFBD-F2983D1424AA}.Release|Any CPU.Build.0 = Release|Any CPU
		{D2B52315-E723-4C15-B9D5-5F2CD880297E}.Debug|Any CPU.ActiveCfg = Debug|Any CPU
		{D2B52315-E723-4C15-B9D5-5F2CD880297E}.Debug|Any CPU.Build.0 = Debug|Any CPU
		{D2B52315-E723-4C15-B9D5-5F2CD880297E}.Release|Any CPU.ActiveCfg = Release|Any CPU
		{D2B52315-E723-4C15-B9D5-5F2CD880297E}.Release|Any CPU.Build.0 = Release|Any CPU
	EndGlobalSection
	GlobalSection(SolutionProperties) = preSolution
		HideSolutionNode = FALSE
	EndGlobalSection
EndGlobal
